
Microsoft Visual Studio Solution File, Format Version 12.00
# Visual Studio Version 17
VisualStudioVersion = 17.7.34031.279
MinimumVisualStudioVersion = 10.0.40219.1
Project("{FAE04EC0-301F-11D3-BF4B-00C04F79EFBC}") = "XXSDemo", "XXSDemo.csproj", "{5316B8D8-FE66-432C-B838-1619C94D2BBE}"
EndProject
Global
	GlobalSection(SolutionConfigurationPlatforms) = preSolution
		Debug|Any CPU = Debug|Any CPU
		Release|Any CPU = Release|Any CPU
	EndGlobalSection
	GlobalSection(ProjectConfigurationPlatforms) = postSolution
		{5316B8D8-FE66-432C-B838-1619C94D2BBE}.Debug|Any CPU.ActiveCfg = Debug|Any CPU
		{5316B8D8-FE66-432C-B838-1619C94D2BBE}.Debug|Any CPU.Build.0 = Debug|Any CPU
		{5316B8D8-FE66-432C-B838-1619C94D2BBE}.Release|Any CPU.ActiveCfg = Release|Any CPU
		{5316B8D8-FE66-432C-B838-1619C94D2BBE}.Release|Any CPU.Build.0 = Release|Any CPU
	EndGlobalSection
	GlobalSection(SolutionProperties) = preSolution
		HideSolutionNode = FALSE
	EndGlobalSection
	GlobalSection(ExtensibilityGlobals) = postSolution
		SolutionGuid = {FA56C222-B3B7-4607-83BE-E45C4B9B5E78}
	EndGlobalSection
EndGlobal
